
Microsoft Visual Studio Solution File, Format Version 12.00
# Visual Studio 15
VisualStudioVersion = 15.0.28307.421
MinimumVisualStudioVersion = 10.0.40219.1
Project("{FAE04EC0-301F-11D3-BF4B-00C04F79EFBC}") = "EquazioniLibrary", "EquazioniLibrary\EquazioniLibrary.csproj", "{CD3566A7-7549-4A2D-BBE8-9534351366C5}"
EndProject
Project("{FAE04EC0-301F-11D3-BF4B-00C04F79EFBC}") = "EquazioniLibrary.Test", "EquzioniLibrary.Test\EquazioniLibrary.Test.csproj", "{BEC64967-28BC-4865-9023-CD49011E43BE}"
EndProject
Global
	GlobalSection(SolutionConfigurationPlatforms) = preSolution
		Debug|Any CPU = Debug|Any CPU
		Release|Any CPU = Release|Any CPU
	EndGlobalSection
	GlobalSection(ProjectConfigurationPlatforms) = postSolution
		{CD3566A7-7549-4A2D-BBE8-9534351366C5}.Debug|Any CPU.ActiveCfg = Debug|Any CPU
		{CD3566A7-7549-4A2D-BBE8-9534351366C5}.Debug|Any CPU.Build.0 = Debug|Any CPU
		{CD3566A7-7549-4A2D-BBE8-9534351366C5}.Release|Any CPU.ActiveCfg = Release|Any CPU
		{CD3566A7-7549-4A2D-BBE8-9534351366C5}.Release|Any CPU.Build.0 = Release|Any CPU
		{BEC64967-28BC-4865-9023-CD49011E43BE}.Debug|Any CPU.ActiveCfg = Debug|Any CPU
		{BEC64967-28BC-4865-9023-CD49011E43BE}.Debug|Any CPU.Build.0 = Debug|Any CPU
		{BEC64967-28BC-4865-9023-CD49011E43BE}.Release|Any CPU.ActiveCfg = Release|Any CPU
		{BEC64967-28BC-4865-9023-CD49011E43BE}.Release|Any CPU.Build.0 = Release|Any CPU
	EndGlobalSection
	GlobalSection(SolutionProperties) = preSolution
		HideSolutionNode = FALSE
	EndGlobalSection
	GlobalSection(ExtensibilityGlobals) = postSolution
		SolutionGuid = {ECEBD743-456B-4C92-8FF0-6AFA994E3314}
	EndGlobalSection
EndGlobal
